
Microsoft Visual Studio Solution File, Format Version 11.00
# Visual Studio 2010
Project("{FAE04EC0-301F-11D3-BF4B-00C04F79EFBC}") = "SmartCodeGen.Model", "SmartCodeGen.Model\SmartCodeGen.Model.csproj", "{CAC5798E-4895-4ADF-BE72-2E242713B26E}"
EndProject
Project("{FAE04EC0-301F-11D3-BF4B-00C04F79EFBC}") = "SmartCodeGen.IData", "SmartCodeGen.IData\SmartCodeGen.IData.csproj", "{1AB81C12-34B7-4A1A-9081-A53F2010FC0C}"
EndProject
Project("{FAE04EC0-301F-11D3-BF4B-00C04F79EFBC}") = "SmartCodeGen.Common", "SmartCodeGen.Common\SmartCodeGen.Common.csproj", "{CE715259-4B1E-41ED-9E90-60A303BAAC89}"
EndProject
Project("{FAE04EC0-301F-11D3-BF4B-00C04F79EFBC}") = "SmartCodeGen.Factory", "SmartCodeGen.Factory\SmartCodeGen.Factory.csproj", "{6BE04FCA-60BE-4E29-A162-BFC0AF2005DD}"
EndProject
Project("{FAE04EC0-301F-11D3-BF4B-00C04F79EFBC}") = "SmartCodeGen.Data.MySql", "SmartCodeGen.Data.MySql\SmartCodeGen.Data.MySql.csproj", "{EAFD274D-54EE-4775-BF17-B50C22142243}"
EndProject
Project("{FAE04EC0-301F-11D3-BF4B-00C04F79EFBC}") = "SmartCodeGen.Data.SqlServer", "SmartCodeGen.Data.SqlServer\SmartCodeGen.Data.SqlServer.csproj", "{F9F242BB-8E1A-42B1-8D80-9DE23E3411B8}"
EndProject
Project("{FAE04EC0-301F-11D3-BF4B-00C04F79EFBC}") = "SmartCodeGen", "SmartCodeGen\SmartCodeGen.csproj", "{B9709B11-4606-4C92-AAD7-B8B50AB2E1B8}"
EndProject
Project("{FAE04EC0-301F-11D3-BF4B-00C04F79EFBC}") = "SmartCodeGen.Business", "SmartCodeGen.Business\SmartCodeGen.Business.csproj", "{E754D00E-7C36-458B-B017-CE9064A6A82E}"
EndProject
Global
	GlobalSection(SolutionConfigurationPlatforms) = preSolution
		Debug|Any CPU = Debug|Any CPU
		Debug|Mixed Platforms = Debug|Mixed Platforms
		Debug|x86 = Debug|x86
		Release|Any CPU = Release|Any CPU
		Release|Mixed Platforms = Release|Mixed Platforms
		Release|x86 = Release|x86
	EndGlobalSection
	GlobalSection(ProjectConfigurationPlatforms) = postSolution
		{CAC5798E-4895-4ADF-BE72-2E242713B26E}.Debug|Any CPU.ActiveCfg = Debug|Any CPU
		{CAC5798E-4895-4ADF-BE72-2E242713B26E}.Debug|Any CPU.Build.0 = Debug|Any CPU
		{CAC5798E-4895-4ADF-BE72-2E242713B26E}.Debug|Mixed Platforms.ActiveCfg = Debug|Any CPU
		{CAC5798E-4895-4ADF-BE72-2E242713B26E}.Debug|Mixed Platforms.Build.0 = Debug|Any CPU
		{CAC5798E-4895-4ADF-BE72-2E242713B26E}.Debug|x86.ActiveCfg = Debug|Any CPU
		{CAC5798E-4895-4ADF-BE72-2E242713B26E}.Release|Any CPU.ActiveCfg = Release|Any CPU
		{CAC5798E-4895-4ADF-BE72-2E242713B26E}.Release|Any CPU.Build.0 = Release|Any CPU
		{CAC5798E-4895-4ADF-BE72-2E242713B26E}.Release|Mixed Platforms.ActiveCfg = Release|Any CPU
		{CAC5798E-4895-4ADF-BE72-2E242713B26E}.Release|Mixed Platforms.Build.0 = Release|Any CPU
		{CAC5798E-4895-4ADF-BE72-2E242713B26E}.Release|x86.ActiveCfg = Release|Any CPU
		{1AB81C12-34B7-4A1A-9081-A53F2010FC0C}.Debug|Any CPU.ActiveCfg = Debug|Any CPU
		{1AB81C12-34B7-4A1A-9081-A53F2010FC0C}.Debug|Any CPU.Build.0 = Debug|Any CPU
		{1AB81C12-34B7-4A1A-9081-A53F2010FC0C}.Debug|Mixed Platforms.ActiveCfg = Debug|Any CPU
		{1AB81C12-34B7-4A1A-9081-A53F2010FC0C}.Debug|Mixed Platforms.Build.0 = Debug|Any CPU
		{1AB81C12-34B7-4A1A-9081-A53F2010FC0C}.Debug|x86.ActiveCfg = Debug|Any CPU
		{1AB81C12-34B7-4A1A-9081-A53F2010FC0C}.Release|Any CPU.ActiveCfg = Release|Any CPU
		{1AB81C12-34B7-4A1A-9081-A53F2010FC0C}.Release|Any CPU.Build.0 = Release|Any CPU
		{1AB81C12-34B7-4A1A-9081-A53F2010FC0C}.Release|Mixed Platforms.ActiveCfg = Release|Any CPU
		{1AB81C12-34B7-4A1A-9081-A53F2010FC0C}.Release|Mixed Platforms.Build.0 = Release|Any CPU
		{1AB81C12-34B7-4A1A-9081-A53F2010FC0C}.Release|x86.ActiveCfg = Release|Any CPU
		{CE715259-4B1E-41ED-9E90-60A303BAAC89}.Debug|Any CPU.ActiveCfg = Debug|Any CPU
		{CE715259-4B1E-41ED-9E90-60A303BAAC89}.Debug|Any CPU.Build.0 = Debug|Any CPU
		{CE715259-4B1E-41ED-9E90-60A303BAAC89}.Debug|Mixed Platforms.ActiveCfg = Debug|Any CPU
		{CE715259-4B1E-41ED-9E90-60A303BAAC89}.Debug|Mixed Platforms.Build.0 = Debug|Any CPU
		{CE715259-4B1E-41ED-9E90-60A303BAAC89}.Debug|x86.ActiveCfg = Debug|Any CPU
		{CE715259-4B1E-41ED-9E90-60A303BAAC89}.Release|Any CPU.ActiveCfg = Release|Any CPU
		{CE715259-4B1E-41ED-9E90-60A303BAAC89}.Release|Any CPU.Build.0 = Release|Any CPU
		{CE715259-4B1E-41ED-9E90-60A303BAAC89}.Release|Mixed Platforms.ActiveCfg = Release|Any CPU
		{CE715259-4B1E-41ED-9E90-60A303BAAC89}.Release|Mixed Platforms.Build.0 = Release|Any CPU
		{CE715259-4B1E-41ED-9E90-60A303BAAC89}.Release|x86.ActiveCfg = Release|Any CPU
		{6BE04FCA-60BE-4E29-A162-BFC0AF2005DD}.Debug|Any CPU.ActiveCfg = Debug|Any CPU
		{6BE04FCA-60BE-4E29-A162-BFC0AF2005DD}.Debug|Any CPU.Build.0 = Debug|Any CPU
		{6BE04FCA-60BE-4E29-A162-BFC0AF2005DD}.Debug|Mixed Platforms.ActiveCfg = Debug|Any CPU
		{6BE04FCA-60BE-4E29-A162-BFC0AF2005DD}.Debug|Mixed Platforms.Build.0 = Debug|Any CPU
		{6BE04FCA-60BE-4E29-A162-BFC0AF2005DD}.Debug|x86.ActiveCfg = Debug|Any CPU
		{6BE04FCA-60BE-4E29-A162-BFC0AF2005DD}.Release|Any CPU.ActiveCfg = Release|Any CPU
		{6BE04FCA-60BE-4E29-A162-BFC0AF2005DD}.Release|Any CPU.Build.0 = Release|Any CPU
		{6BE04FCA-60BE-4E29-A162-BFC0AF2005DD}.Release|Mixed Platforms.ActiveCfg = Release|Any CPU
		{6BE04FCA-60BE-4E29-A162-BFC0AF2005DD}.Release|Mixed Platforms.Build.0 = Release|Any CPU
		{6BE04FCA-60BE-4E29-A162-BFC0AF2005DD}.Release|x86.ActiveCfg = Release|Any CPU
		{EAFD274D-54EE-4775-BF17-B50C22142243}.Debug|Any CPU.ActiveCfg = Debug|Any CPU
		{EAFD274D-54EE-4775-BF17-B50C22142243}.Debug|Any CPU.Build.0 = Debug|Any CPU
		{EAFD274D-54EE-4775-BF17-B50C22142243}.Debug|Mixed Platforms.ActiveCfg = Debug|Any CPU
		{EAFD274D-54EE-4775-BF17-B50C22142243}.Debug|Mixed Platforms.Build.0 = Debug|Any CPU
		{EAFD274D-54EE-4775-BF17-B50C22142243}.Debug|x86.ActiveCfg = Debug|Any CPU
		{EAFD274D-54EE-4775-BF17-B50C22142243}.Release|Any CPU.ActiveCfg = Release|Any CPU
		{EAFD274D-54EE-4775-BF17-B50C22142243}.Release|Any CPU.Build.0 = Release|Any CPU
		{EAFD274D-54EE-4775-BF17-B50C22142243}.Release|Mixed Platforms.ActiveCfg = Release|Any CPU
		{EAFD274D-54EE-4775-BF17-B50C22142243}.Release|Mixed Platforms.Build.0 = Release|Any CPU
		{EAFD274D-54EE-4775-BF17-B50C22142243}.Release|x86.ActiveCfg = Release|Any CPU
		{F9F242BB-8E1A-42B1-8D80-9DE23E3411B8}.Debug|Any CPU.ActiveCfg = Debug|Any CPU
		{F9F242BB-8E1A-42B1-8D80-9DE23E3411B8}.Debug|Any CPU.Build.0 = Debug|Any CPU
		{F9F242BB-8E1A-42B1-8D80-9DE23E3411B8}.Debug|Mixed Platforms.ActiveCfg = Debug|Any CPU
		{F9F242BB-8E1A-42B1-8D80-9DE23E3411B8}.Debug|Mixed Platforms.Build.0 = Debug|Any CPU
		{F9F242BB-8E1A-42B1-8D80-9DE23E3411B8}.Debug|x86.ActiveCfg = Debug|Any CPU
		{F9F242BB-8E1A-42B1-8D80-9DE23E3411B8}.Release|Any CPU.ActiveCfg = Release|Any CPU
		{F9F242BB-8E1A-42B1-8D80-9DE23E3411B8}.Release|Any CPU.Build.0 = Release|Any CPU
		{F9F242BB-8E1A-42B1-8D80-9DE23E3411B8}.Release|Mixed Platforms.ActiveCfg = Release|Any CPU
		{F9F242BB-8E1A-42B1-8D80-9DE23E3411B8}.Release|Mixed Platforms.Build.0 = Release|Any CPU
		{F9F242BB-8E1A-42B1-8D80-9DE23E3411B8}.Release|x86.ActiveCfg = Release|Any CPU
		{B9709B11-4606-4C92-AAD7-B8B50AB2E1B8}.Debug|Any CPU.ActiveCfg = Debug|x86
		{B9709B11-4606-4C92-AAD7-B8B50AB2E1B8}.Debug|Mixed Platforms.ActiveCfg = Debug|x86
		{B9709B11-4606-4C92-AAD7-B8B50AB2E1B8}.Debug|Mixed Platforms.Build.0 = Debug|x86
		{B9709B11-4606-4C92-AAD7-B8B50AB2E1B8}.Debug|x86.ActiveCfg = Debug|x86
		{B9709B11-4606-4C92-AAD7-B8B50AB2E1B8}.Debug|x86.Build.0 = Debug|x86
		{B9709B11-4606-4C92-AAD7-B8B50AB2E1B8}.Release|Any CPU.ActiveCfg = Release|x86
		{B9709B11-4606-4C92-AAD7-B8B50AB2E1B8}.Release|Mixed Platforms.ActiveCfg = Release|x86
		{B9709B11-4606-4C92-AAD7-B8B50AB2E1B8}.Release|Mixed Platforms.Build.0 = Release|x86
		{B9709B11-4606-4C92-AAD7-B8B50AB2E1B8}.Release|x86.ActiveCfg = Release|x86
		{B9709B11-4606-4C92-AAD7-B8B50AB2E1B8}.Release|x86.Build.0 = Release|x86
		{E754D00E-7C36-458B-B017-CE9064A6A82E}.Debug|Any CPU.ActiveCfg = Debug|Any CPU
		{E754D00E-7C36-458B-B017-CE9064A6A82E}.Debug|Any CPU.Build.0 = Debug|Any CPU
		{E754D00E-7C36-458B-B017-CE9064A6A82E}.Debug|Mixed Platforms.ActiveCfg = Debug|Any CPU
		{E754D00E-7C36-458B-B017-CE9064A6A82E}.Debug|Mixed Platforms.Build.0 = Debug|Any CPU
		{E754D00E-7C36-458B-B017-CE9064A6A82E}.Debug|x86.ActiveCfg = Debug|Any CPU
		{E754D00E-7C36-458B-B017-CE9064A6A82E}.Release|Any CPU.ActiveCfg = Release|Any CPU
		{E754D00E-7C36-458B-B017-CE9064A6A82E}.Release|Any CPU.Build.0 = Release|Any CPU
		{E754D00E-7C36-458B-B017-CE9064A6A82E}.Release|Mixed Platforms.ActiveCfg = Release|Any CPU
		{E754D00E-7C36-458B-B017-CE9064A6A82E}.Release|Mixed Platforms.Build.0 = Release|Any CPU
		{E754D00E-7C36-458B-B017-CE9064A6A82E}.Release|x86.ActiveCfg = Release|Any CPU
	EndGlobalSection
	GlobalSection(SolutionProperties) = preSolution
		HideSolutionNode = FALSE
	EndGlobalSection
EndGlobal
